{
  "name": "CAD-IT",
  "lockfileVersion": 2,
  "requires": true,
  "packages": {
    "": {
      "dependencies": {
        "node-fetch": "2.0",
        "plotly.js-dist-min": "^2.8.3"
      }
    },
    "node_modules/node-fetch": {
      "version": "2.0.0",
      "resolved": "https://registry.npmjs.org/node-fetch/-/node-fetch-2.0.0.tgz",
      "integrity": "sha1-mCu6Q+zU8pIqKcwYamu7C7c/y6Y=",
      "engines": {
        "node": "4.x || >=6.0.0"
      }
    },
    "node_modules/plotly.js-dist-min": {
      "version": "2.8.3",
      "resolved": "https://registry.npmjs.org/plotly.js-dist-min/-/plotly.js-dist-min-2.8.3.tgz",
      "integrity": "sha512-TjovBrqIbedUfjGWNMMs++az3lF4hsIAB8EjqM/mC0cPrO7Wg86lBkHAsRbMra5aWyXA+M52yiQUUKBfThqwzg=="
    }
  },
  "dependencies": {
    "node-fetch": {
      "version": "2.0.0",
      "resolved": "https://registry.npmjs.org/node-fetch/-/node-fetch-2.0.0.tgz",
      "integrity": "sha1-mCu6Q+zU8pIqKcwYamu7C7c/y6Y="
    },
    "plotly.js-dist-min": {
      "version": "2.8.3",
      "resolved": "https://registry.npmjs.org/plotly.js-dist-min/-/plotly.js-dist-min-2.8.3.tgz",
      "integrity": "sha512-TjovBrqIbedUfjGWNMMs++az3lF4hsIAB8EjqM/mC0cPrO7Wg86lBkHAsRbMra5aWyXA+M52yiQUUKBfThqwzg=="
    }
  }
}
